{
  "version": 1,
  "dependencies": {
    "net10.0-windows7.0": {
      "DalamudPackager": {
        "type": "Direct",
        "requested": "[14.0.1, )",
        "resolved": "14.0.1",
        "contentHash": "y0WWyUE6dhpGdolK3iKgwys05/nZaVf4ZPtIjpLhJBZvHxkkiE23zYRo7K7uqAgoK/QvK5cqF6l3VG5AbgC6KA=="
      },
      "DotNet.ReproducibleBuilds": {
        "type": "Direct",
        "requested": "[1.2.39, )",
        "resolved": "1.2.39",
        "contentHash": "fcFN01tDTIQqDuTwr1jUQK/geofiwjG5DycJQOnC72i1SsLAk1ELe+apBOuZ11UMQG8YKFZG1FgvjZPbqHyatg=="
      },
      "System.Management": {
        "type": "Direct",
        "requested": "[9.0.0, )",
        "resolved": "9.0.0",
        "contentHash": "bVh4xAMI5grY5GZoklKcMBLirhC8Lqzp63Ft3zXJacwGAlLyFdF4k0qz4pnKIlO6HyL2Z4zqmHm9UkzEo6FFsA==",
        "dependencies": {
          "System.CodeDom": "9.0.0"
        }
      },
      "System.CodeDom": {
        "type": "Transitive",
        "resolved": "9.0.0",
        "contentHash": "oTE5IfuMoET8yaZP/vdvy9xO47guAv/rOhe4DODuFBN3ySprcQOlXqO3j+e/H/YpKKR5sglrxRaZ2HYOhNJrqA=="
      }
    },
    "net10.0-windows7.0/win-x64": {
      "System.Management": {
        "type": "Direct",
        "requested": "[9.0.0, )",
        "resolved": "9.0.0",
        "contentHash": "bVh4xAMI5grY5GZoklKcMBLirhC8Lqzp63Ft3zXJacwGAlLyFdF4k0qz4pnKIlO6HyL2Z4zqmHm9UkzEo6FFsA==",
        "dependencies": {
          "System.CodeDom": "9.0.0"
        }
      }
    }
  }
}